
Microsoft Visual Studio Solution File, Format Version 12.00
# Visual Studio Version 17
VisualStudioVersion = 17.0.31903.59
MinimumVisualStudioVersion = 10.0.40219.1
Project("{FAE04EC0-301F-11D3-BF4B-00C04F79EFBC}") = "triaxis.CommandLine.Abstractions", "triaxis.CommandLine.Abstractions\triaxis.CommandLine.Abstractions.csproj", "{60574130-9FD5-4C26-B0FF-3141960AEC30}"
EndProject
Project("{FAE04EC0-301F-11D3-BF4B-00C04F79EFBC}") = "triaxis.CommandLine.Core", "triaxis.CommandLine.Core\triaxis.CommandLine.Core.csproj", "{261C2613-3752-4E89-AFA5-8724882C7534}"
EndProject
Project("{FAE04EC0-301F-11D3-BF4B-00C04F79EFBC}") = "triaxis.CommandLine.Serilog", "triaxis.CommandLine.Serilog\triaxis.CommandLine.Serilog.csproj", "{1835FAA7-0690-4EBF-B7EC-E00599D839B6}"
EndProject
Project("{FAE04EC0-301F-11D3-BF4B-00C04F79EFBC}") = "triaxis.CommandLine.Tool", "triaxis.CommandLine.Tool\triaxis.CommandLine.Tool.csproj", "{F85E6A03-2748-4FBA-82A3-C2D45679EDEC}"
EndProject
Project("{FAE04EC0-301F-11D3-BF4B-00C04F79EFBC}") = "triaxis.CommandLine.ObjectOutput", "triaxis.CommandLine.ObjectOutput\triaxis.CommandLine.ObjectOutput.csproj", "{16F35EBB-F3D6-4F8A-ACF2-D965EB207B27}"
EndProject
Project("{FAE04EC0-301F-11D3-BF4B-00C04F79EFBC}") = "triaxis.CommandLine.ObjectOutput.Abstractions", "triaxis.CommandLine.ObjectOutput.Abstractions\triaxis.CommandLine.ObjectOutput.Abstractions.csproj", "{F9D24A7C-8A41-44A0-BABA-EE50B9C2B71C}"
EndProject
Project("{FAE04EC0-301F-11D3-BF4B-00C04F79EFBC}") = "triaxis.CommandLine.ObjectOutput.Tests", "triaxis.CommandLine.ObjectOutput.Tests\triaxis.CommandLine.ObjectOutput.Tests.csproj", "{4267928A-0722-493D-835B-47C3F12CC1E3}"
EndProject
Project("{FAE04EC0-301F-11D3-BF4B-00C04F79EFBC}") = "triaxis.CommandLine.Invocation", "triaxis.CommandLine.Invocation\triaxis.CommandLine.Invocation.csproj", "{D69DE26E-E236-490B-A9FB-B6BBB5E3B977}"
EndProject
Global
	GlobalSection(SolutionConfigurationPlatforms) = preSolution
		Debug|Any CPU = Debug|Any CPU
		Release|Any CPU = Release|Any CPU
	EndGlobalSection
	GlobalSection(SolutionProperties) = preSolution
		HideSolutionNode = FALSE
	EndGlobalSection
	GlobalSection(ProjectConfigurationPlatforms) = postSolution
		{60574130-9FD5-4C26-B0FF-3141960AEC30}.Debug|Any CPU.ActiveCfg = Debug|Any CPU
		{60574130-9FD5-4C26-B0FF-3141960AEC30}.Debug|Any CPU.Build.0 = Debug|Any CPU
		{60574130-9FD5-4C26-B0FF-3141960AEC30}.Release|Any CPU.ActiveCfg = Release|Any CPU
		{60574130-9FD5-4C26-B0FF-3141960AEC30}.Release|Any CPU.Build.0 = Release|Any CPU
		{261C2613-3752-4E89-AFA5-8724882C7534}.Debug|Any CPU.ActiveCfg = Debug|Any CPU
		{261C2613-3752-4E89-AFA5-8724882C7534}.Debug|Any CPU.Build.0 = Debug|Any CPU
		{261C2613-3752-4E89-AFA5-8724882C7534}.Release|Any CPU.ActiveCfg = Release|Any CPU
		{261C2613-3752-4E89-AFA5-8724882C7534}.Release|Any CPU.Build.0 = Release|Any CPU
		{1835FAA7-0690-4EBF-B7EC-E00599D839B6}.Debug|Any CPU.ActiveCfg = Debug|Any CPU
		{1835FAA7-0690-4EBF-B7EC-E00599D839B6}.Debug|Any CPU.Build.0 = Debug|Any CPU
		{1835FAA7-0690-4EBF-B7EC-E00599D839B6}.Release|Any CPU.ActiveCfg = Release|Any CPU
		{1835FAA7-0690-4EBF-B7EC-E00599D839B6}.Release|Any CPU.Build.0 = Release|Any CPU
		{F85E6A03-2748-4FBA-82A3-C2D45679EDEC}.Debug|Any CPU.ActiveCfg = Debug|Any CPU
		{F85E6A03-2748-4FBA-82A3-C2D45679EDEC}.Debug|Any CPU.Build.0 = Debug|Any CPU
		{F85E6A03-2748-4FBA-82A3-C2D45679EDEC}.Release|Any CPU.ActiveCfg = Release|Any CPU
		{F85E6A03-2748-4FBA-82A3-C2D45679EDEC}.Release|Any CPU.Build.0 = Release|Any CPU
		{16F35EBB-F3D6-4F8A-ACF2-D965EB207B27}.Debug|Any CPU.ActiveCfg = Debug|Any CPU
		{16F35EBB-F3D6-4F8A-ACF2-D965EB207B27}.Debug|Any CPU.Build.0 = Debug|Any CPU
		{16F35EBB-F3D6-4F8A-ACF2-D965EB207B27}.Release|Any CPU.ActiveCfg = Release|Any CPU
		{16F35EBB-F3D6-4F8A-ACF2-D965EB207B27}.Release|Any CPU.Build.0 = Release|Any CPU
		{F9D24A7C-8A41-44A0-BABA-EE50B9C2B71C}.Debug|Any CPU.ActiveCfg = Debug|Any CPU
		{F9D24A7C-8A41-44A0-BABA-EE50B9C2B71C}.Debug|Any CPU.Build.0 = Debug|Any CPU
		{F9D24A7C-8A41-44A0-BABA-EE50B9C2B71C}.Release|Any CPU.ActiveCfg = Release|Any CPU
		{F9D24A7C-8A41-44A0-BABA-EE50B9C2B71C}.Release|Any CPU.Build.0 = Release|Any CPU
		{4267928A-0722-493D-835B-47C3F12CC1E3}.Debug|Any CPU.ActiveCfg = Debug|Any CPU
		{4267928A-0722-493D-835B-47C3F12CC1E3}.Debug|Any CPU.Build.0 = Debug|Any CPU
		{4267928A-0722-493D-835B-47C3F12CC1E3}.Release|Any CPU.ActiveCfg = Release|Any CPU
		{4267928A-0722-493D-835B-47C3F12CC1E3}.Release|Any CPU.Build.0 = Release|Any CPU
		{D69DE26E-E236-490B-A9FB-B6BBB5E3B977}.Debug|Any CPU.ActiveCfg = Debug|Any CPU
		{D69DE26E-E236-490B-A9FB-B6BBB5E3B977}.Debug|Any CPU.Build.0 = Debug|Any CPU
		{D69DE26E-E236-490B-A9FB-B6BBB5E3B977}.Release|Any CPU.ActiveCfg = Release|Any CPU
		{D69DE26E-E236-490B-A9FB-B6BBB5E3B977}.Release|Any CPU.Build.0 = Release|Any CPU
	EndGlobalSection
EndGlobal
